
Microsoft Visual Studio Solution File, Format Version 12.00
# Visual Studio Version 17
VisualStudioVersion = 17.5.33530.505
MinimumVisualStudioVersion = 10.0.40219.1
Project("{9A19103F-16F7-4668-BE54-9A1E7A4F7556}") = "SocialMediaLinks", "SocialMediaLinks.csproj", "{7F7C3A07-16CF-436E-9BF9-702079715D0C}"
EndProject
Project("{FAE04EC0-301F-11D3-BF4B-00C04F79EFBC}") = "Models", "..\Models\Models.csproj", "{96318B7A-2C48-419E-A368-4D67C5B0755F}"
EndProject
Global
	GlobalSection(SolutionConfigurationPlatforms) = preSolution
		Debug|Any CPU = Debug|Any CPU
		Release|Any CPU = Release|Any CPU
	EndGlobalSection
	GlobalSection(ProjectConfigurationPlatforms) = postSolution
		{7F7C3A07-16CF-436E-9BF9-702079715D0C}.Debug|Any CPU.ActiveCfg = Debug|Any CPU
		{7F7C3A07-16CF-436E-9BF9-702079715D0C}.Debug|Any CPU.Build.0 = Debug|Any CPU
		{7F7C3A07-16CF-436E-9BF9-702079715D0C}.Release|Any CPU.ActiveCfg = Release|Any CPU
		{7F7C3A07-16CF-436E-9BF9-702079715D0C}.Release|Any CPU.Build.0 = Release|Any CPU
		{96318B7A-2C48-419E-A368-4D67C5B0755F}.Debug|Any CPU.ActiveCfg = Debug|Any CPU
		{96318B7A-2C48-419E-A368-4D67C5B0755F}.Debug|Any CPU.Build.0 = Debug|Any CPU
		{96318B7A-2C48-419E-A368-4D67C5B0755F}.Release|Any CPU.ActiveCfg = Release|Any CPU
		{96318B7A-2C48-419E-A368-4D67C5B0755F}.Release|Any CPU.Build.0 = Release|Any CPU
	EndGlobalSection
	GlobalSection(SolutionProperties) = preSolution
		HideSolutionNode = FALSE
	EndGlobalSection
	GlobalSection(ExtensibilityGlobals) = postSolution
		SolutionGuid = {87359959-2332-4462-9D70-28C966C6E463}
	EndGlobalSection
EndGlobal
